
Microsoft Visual Studio Solution File, Format Version 12.00
Project("{2150E333-8FDC-42A3-9474-1A3956D46DE8}") = "src", "src", "{0950A942-264A-465E-AE50-CECEA1385F4C}"
EndProject
Project("{FAE04EC0-301F-11D3-BF4B-00C04F79EFBC}") = "VKV", "src\VKV\VKV.csproj", "{8803E38A-B751-4B8E-8A51-C67364782028}"
EndProject
Project("{2150E333-8FDC-42A3-9474-1A3956D46DE8}") = "tests", "tests", "{519962AA-C5A7-42C2-8709-ABCC64AF3352}"
EndProject
Project("{FAE04EC0-301F-11D3-BF4B-00C04F79EFBC}") = "VKV.Tests", "tests\VKV.Tests\VKV.Tests.csproj", "{4D2BB0BD-612B-40AD-9092-F90FC69F740E}"
EndProject
Project("{FAE04EC0-301F-11D3-BF4B-00C04F79EFBC}") = "VKV.Compression", "src\VKV.Compression\VKV.Compression.csproj", "{FAE87864-AB69-4A64-A442-ADCDD9E20A8D}"
EndProject
Project("{2150E333-8FDC-42A3-9474-1A3956D46DE8}") = "sandbox", "sandbox", "{1318BBA7-0BA1-4EA8-BB6C-2CE9BB2E7560}"
EndProject
Project("{FAE04EC0-301F-11D3-BF4B-00C04F79EFBC}") = "VKV.Benchmark", "sandbox\VKV.Benchmark\VKV.Benchmark.csproj", "{60424D29-BC10-46EB-8F40-6026284A15CA}"
EndProject
Project("{FAE04EC0-301F-11D3-BF4B-00C04F79EFBC}") = "ConsoleApp1", "sandbox\ConsoleApp1\ConsoleApp1.csproj", "{0C30EF0E-3DBA-44D0-B8C3-C1A4F872ABED}"
EndProject
Project("{FAE04EC0-301F-11D3-BF4B-00C04F79EFBC}") = "VKV.Cli", "src\VKV.Cli\VKV.Cli.csproj", "{6289E0FD-A8D8-40F2-BF0A-900E818709AC}"
EndProject
Global
	GlobalSection(SolutionConfigurationPlatforms) = preSolution
		Debug|Any CPU = Debug|Any CPU
		Release|Any CPU = Release|Any CPU
	EndGlobalSection
	GlobalSection(ProjectConfigurationPlatforms) = postSolution
		{8803E38A-B751-4B8E-8A51-C67364782028}.Debug|Any CPU.ActiveCfg = Debug|Any CPU
		{8803E38A-B751-4B8E-8A51-C67364782028}.Debug|Any CPU.Build.0 = Debug|Any CPU
		{8803E38A-B751-4B8E-8A51-C67364782028}.Release|Any CPU.ActiveCfg = Release|Any CPU
		{8803E38A-B751-4B8E-8A51-C67364782028}.Release|Any CPU.Build.0 = Release|Any CPU
		{4D2BB0BD-612B-40AD-9092-F90FC69F740E}.Debug|Any CPU.ActiveCfg = Debug|Any CPU
		{4D2BB0BD-612B-40AD-9092-F90FC69F740E}.Debug|Any CPU.Build.0 = Debug|Any CPU
		{4D2BB0BD-612B-40AD-9092-F90FC69F740E}.Release|Any CPU.ActiveCfg = Release|Any CPU
		{4D2BB0BD-612B-40AD-9092-F90FC69F740E}.Release|Any CPU.Build.0 = Release|Any CPU
		{FAE87864-AB69-4A64-A442-ADCDD9E20A8D}.Debug|Any CPU.ActiveCfg = Debug|Any CPU
		{FAE87864-AB69-4A64-A442-ADCDD9E20A8D}.Debug|Any CPU.Build.0 = Debug|Any CPU
		{FAE87864-AB69-4A64-A442-ADCDD9E20A8D}.Release|Any CPU.ActiveCfg = Release|Any CPU
		{FAE87864-AB69-4A64-A442-ADCDD9E20A8D}.Release|Any CPU.Build.0 = Release|Any CPU
		{60424D29-BC10-46EB-8F40-6026284A15CA}.Debug|Any CPU.ActiveCfg = Debug|Any CPU
		{60424D29-BC10-46EB-8F40-6026284A15CA}.Debug|Any CPU.Build.0 = Debug|Any CPU
		{60424D29-BC10-46EB-8F40-6026284A15CA}.Release|Any CPU.ActiveCfg = Release|Any CPU
		{60424D29-BC10-46EB-8F40-6026284A15CA}.Release|Any CPU.Build.0 = Release|Any CPU
		{0C30EF0E-3DBA-44D0-B8C3-C1A4F872ABED}.Debug|Any CPU.ActiveCfg = Debug|Any CPU
		{0C30EF0E-3DBA-44D0-B8C3-C1A4F872ABED}.Debug|Any CPU.Build.0 = Debug|Any CPU
		{0C30EF0E-3DBA-44D0-B8C3-C1A4F872ABED}.Release|Any CPU.ActiveCfg = Release|Any CPU
		{0C30EF0E-3DBA-44D0-B8C3-C1A4F872ABED}.Release|Any CPU.Build.0 = Release|Any CPU
		{6289E0FD-A8D8-40F2-BF0A-900E818709AC}.Debug|Any CPU.ActiveCfg = Debug|Any CPU
		{6289E0FD-A8D8-40F2-BF0A-900E818709AC}.Debug|Any CPU.Build.0 = Debug|Any CPU
		{6289E0FD-A8D8-40F2-BF0A-900E818709AC}.Release|Any CPU.ActiveCfg = Release|Any CPU
		{6289E0FD-A8D8-40F2-BF0A-900E818709AC}.Release|Any CPU.Build.0 = Release|Any CPU
	EndGlobalSection
	GlobalSection(NestedProjects) = preSolution
		{8803E38A-B751-4B8E-8A51-C67364782028} = {0950A942-264A-465E-AE50-CECEA1385F4C}
		{4D2BB0BD-612B-40AD-9092-F90FC69F740E} = {519962AA-C5A7-42C2-8709-ABCC64AF3352}
		{FAE87864-AB69-4A64-A442-ADCDD9E20A8D} = {0950A942-264A-465E-AE50-CECEA1385F4C}
		{60424D29-BC10-46EB-8F40-6026284A15CA} = {1318BBA7-0BA1-4EA8-BB6C-2CE9BB2E7560}
		{0C30EF0E-3DBA-44D0-B8C3-C1A4F872ABED} = {1318BBA7-0BA1-4EA8-BB6C-2CE9BB2E7560}
		{6289E0FD-A8D8-40F2-BF0A-900E818709AC} = {0950A942-264A-465E-AE50-CECEA1385F4C}
	EndGlobalSection
EndGlobal
